// !$*UTF8*$!
{
	archiveVersion = 1;
	classes = {
	};
	objectVersion = 55;
	objects = {

/* Begin PBXBuildFile section */
		211332DB284BDFA60070FD15 /* InverseTriangulationApp.swift in Sources */ = {isa = PBXBuildFile; fileRef = 211332DA284BDFA60070FD15 /* InverseTriangulationApp.swift */; };
		211332DD284BDFA60070FD15 /* ContentView.swift in Sources */ = {isa = PBXBuildFile; fileRef = 211332DC284BDFA60070FD15 /* ContentView.swift */; };
		211332DF284BDFA80070FD15 /* Assets.xcassets in Resources */ = {isa = PBXBuildFile; fileRef = 211332DE284BDFA80070FD15 /* Assets.xcassets */; };
		211332E2284BDFA80070FD15 /* Preview Assets.xcassets in Resources */ = {isa = PBXBuildFile; fileRef = 211332E1284BDFA80070FD15 /* Preview Assets.xcassets */; };
		211332E9284BDFC70070FD15 /* Renderer.swift in Sources */ = {isa = PBXBuildFile; fileRef = 211332E8284BDFC70070FD15 /* Renderer.swift */; };
		211332EB284C072B0070FD15 /* MetalView.swift in Sources */ = {isa = PBXBuildFile; fileRef = 211332EA284C072B0070FD15 /* MetalView.swift */; };
		211332ED284C0DDF0070FD15 /* Shaders.metal in Sources */ = {isa = PBXBuildFile; fileRef = 211332EC284C0DDF0070FD15 /* Shaders.metal */; };
		211332EF284C26920070FD15 /* Cube.swift in Sources */ = {isa = PBXBuildFile; fileRef = 211332EE284C26920070FD15 /* Cube.swift */; };
		211332F1284D35E80070FD15 /* VertexDescriptor.swift in Sources */ = {isa = PBXBuildFile; fileRef = 211332F0284D35E80070FD15 /* VertexDescriptor.swift */; };
		211332F9284E98050070FD15 /* Transform.swift in Sources */ = {isa = PBXBuildFile; fileRef = 211332F8284E98050070FD15 /* Transform.swift */; };
		211332FB284E98AC0070FD15 /* MathLibrary.swift in Sources */ = {isa = PBXBuildFile; fileRef = 211332FA284E98AC0070FD15 /* MathLibrary.swift */; };
/* End PBXBuildFile section */

/* Begin PBXFileReference section */
		211332D7284BDFA60070FD15 /* InverseTriangulation.app */ = {isa = PBXFileReference; explicitFileType = wrapper.application; includeInIndex = 0; path = InverseTriangulation.app; sourceTree = BUILT_PRODUCTS_DIR; };
		211332DA284BDFA60070FD15 /* InverseTriangulationApp.swift */ = {isa = PBXFileReference; lastKnownFileType = sourcecode.swift; path = InverseTriangulationApp.swift; sourceTree = "<group>"; };
		211332DC284BDFA60070FD15 /* ContentView.swift */ = {isa = PBXFileReference; lastKnownFileType = sourcecode.swift; path = ContentView.swift; sourceTree = "<group>"; };
		211332DE284BDFA80070FD15 /* Assets.xcassets */ = {isa = PBXFileReference; lastKnownFileType = folder.assetcatalog; path = Assets.xcassets; sourceTree = "<group>"; };
		211332E1284BDFA80070FD15 /* Preview Assets.xcassets */ = {isa = PBXFileReference; lastKnownFileType = folder.assetcatalog; path = "Preview Assets.xcassets"; sourceTree = "<group>"; };
		211332E8284BDFC70070FD15 /* Renderer.swift */ = {isa = PBXFileReference; lastKnownFileType = sourcecode.swift; path = Renderer.swift; sourceTree = "<group>"; };
		211332EA284C072B0070FD15 /* MetalView.swift */ = {isa = PBXFileReference; lastKnownFileType = sourcecode.swift; path = MetalView.swift; sourceTree = "<group>"; };
		211332EC284C0DDF0070FD15 /* Shaders.metal */ = {isa = PBXFileReference; lastKnownFileType = sourcecode.metal; path = Shaders.metal; sourceTree = "<group>"; };
		211332EE284C26920070FD15 /* Cube.swift */ = {isa = PBXFileReference; lastKnownFileType = sourcecode.swift; path = Cube.swift; sourceTree = "<group>"; };
		211332F0284D35E80070FD15 /* VertexDescriptor.swift */ = {isa = PBXFileReference; lastKnownFileType = sourcecode.swift; path = VertexDescriptor.swift; sourceTree = "<group>"; };
		211332F8284E98050070FD15 /* Transform.swift */ = {isa = PBXFileReference; lastKnownFileType = sourcecode.swift; path = Transform.swift; sourceTree = "<group>"; };
		211332FA284E98AC0070FD15 /* MathLibrary.swift */ = {isa = PBXFileReference; lastKnownFileType = sourcecode.swift; path = MathLibrary.swift; sourceTree = "<group>"; };
		211332FC284E98C90070FD15 /* Common.h */ = {isa = PBXFileReference; lastKnownFileType = sourcecode.c.h; path = Common.h; sourceTree = "<group>"; };
		2113331A284F645A0070FD15 /* ShaderDefs.h */ = {isa = PBXFileReference; lastKnownFileType = sourcecode.c.h; path = ShaderDefs.h; sourceTree = "<group>"; };
/* End PBXFileReference section */

/* Begin PBXFrameworksBuildPhase section */
		211332D4284BDFA60070FD15 /* Frameworks */ = {
			isa = PBXFrameworksBuildPhase;
			buildActionMask = 2147483647;
			files = (
			);
			runOnlyForDeploymentPostprocessing = 0;
		};
/* End PBXFrameworksBuildPhase section */

/* Begin PBXGroup section */
		211332CE284BDFA60070FD15 = {
			isa = PBXGroup;
			children = (
				211332D9284BDFA60070FD15 /* InverseTriangulation */,
				211332D8284BDFA60070FD15 /* Products */,
			);
			sourceTree = "<group>";
		};
		211332D8284BDFA60070FD15 /* Products */ = {
			isa = PBXGroup;
			children = (
				211332D7284BDFA60070FD15 /* InverseTriangulation.app */,
			);
			name = Products;
			sourceTree = "<group>";
		};
		211332D9284BDFA60070FD15 /* InverseTriangulation */ = {
			isa = PBXGroup;
			children = (
				211332DA284BDFA60070FD15 /* InverseTriangulationApp.swift */,
				211332DC284BDFA60070FD15 /* ContentView.swift */,
				211332F0284D35E80070FD15 /* VertexDescriptor.swift */,
				211332E8284BDFC70070FD15 /* Renderer.swift */,
				211332F8284E98050070FD15 /* Transform.swift */,
				211332EE284C26920070FD15 /* Cube.swift */,
				211332FA284E98AC0070FD15 /* MathLibrary.swift */,
				211332FC284E98C90070FD15 /* Common.h */,
				2113331A284F645A0070FD15 /* ShaderDefs.h */,
				211332EA284C072B0070FD15 /* MetalView.swift */,
				211332EC284C0DDF0070FD15 /* Shaders.metal */,
				211332DE284BDFA80070FD15 /* Assets.xcassets */,
				211332E0284BDFA80070FD15 /* Preview Content */,
			);
			path = InverseTriangulation;
			sourceTree = "<group>";
		};
		211332E0284BDFA80070FD15 /* Preview Content */ = {
			isa = PBXGroup;
			children = (
				211332E1284BDFA80070FD15 /* Preview Assets.xcassets */,
			);
			path = "Preview Content";
			sourceTree = "<group>";
		};
/* End PBXGroup section */

/* Begin PBXNativeTarget section */
		211332D6284BDFA60070FD15 /* InverseTriangulation */ = {
			isa = PBXNativeTarget;
			buildConfigurationList = 211332E5284BDFA80070FD15 /* Build configuration list for PBXNativeTarget "InverseTriangulation" */;
			buildPhases = (
				211332D3284BDFA60070FD15 /* Sources */,
				211332D4284BDFA60070FD15 /* Frameworks */,
				211332D5284BDFA60070FD15 /* Resources */,
			);
			buildRules = (
			);
			dependencies = (
			);
			name = InverseTriangulation;
			productName = MetalGraphicEngine;
			productReference = 211332D7284BDFA60070FD15 /* InverseTriangulation.app */;
			productType = "com.apple.product-type.application";
		};
/* End PBXNativeTarget section */

/* Begin PBXProject section */
		211332CF284BDFA60070FD15 /* Project object */ = {
			isa = PBXProject;
			attributes = {
				BuildIndependentTargetsInParallel = 1;
				LastSwiftUpdateCheck = 1340;
				LastUpgradeCheck = 1340;
				TargetAttributes = {
					211332D6284BDFA60070FD15 = {
						CreatedOnToolsVersion = 13.4;
					};
				};
			};
			buildConfigurationList = 211332D2284BDFA60070FD15 /* Build configuration list for PBXProject "InverseTriangulation" */;
			compatibilityVersion = "Xcode 13.0";
			developmentRegion = en;
			hasScannedForEncodings = 0;
			knownRegions = (
				en,
				Base,
			);
			mainGroup = 211332CE284BDFA60070FD15;
			productRefGroup = 211332D8284BDFA60070FD15 /* Products */;
			projectDirPath = "";
			projectRoot = "";
			targets = (
				211332D6284BDFA60070FD15 /* InverseTriangulation */,
			);
		};
/* End PBXProject section */

/* Begin PBXResourcesBuildPhase section */
		211332D5284BDFA60070FD15 /* Resources */ = {
			isa = PBXResourcesBuildPhase;
			buildActionMask = 2147483647;
			files = (
				211332E2284BDFA80070FD15 /* Preview Assets.xcassets in Resources */,
				211332DF284BDFA80070FD15 /* Assets.xcassets in Resources */,
			);
			runOnlyForDeploymentPostprocessing = 0;
		};
/* End PBXResourcesBuildPhase section */

/* Begin PBXSourcesBuildPhase section */
		211332D3284BDFA60070FD15 /* Sources */ = {
			isa = PBXSourcesBuildPhase;
			buildActionMask = 2147483647;
			files = (
				211332EF284C26920070FD15 /* Cube.swift in Sources */,
				211332EB284C072B0070FD15 /* MetalView.swift in Sources */,
				211332FB284E98AC0070FD15 /* MathLibrary.swift in Sources */,
				211332DD284BDFA60070FD15 /* ContentView.swift in Sources */,
				211332E9284BDFC70070FD15 /* Renderer.swift in Sources */,
				211332F1284D35E80070FD15 /* VertexDescriptor.swift in Sources */,
				211332DB284BDFA60070FD15 /* InverseTriangulationApp.swift in Sources */,
				211332F9284E98050070FD15 /* Transform.swift in Sources */,
				211332ED284C0DDF0070FD15 /* Shaders.metal in Sources */,
			);
			runOnlyForDeploymentPostprocessing = 0;
		};
/* End PBXSourcesBuildPhase section */

/* Begin XCBuildConfiguration section */
		211332E3284BDFA80070FD15 /* Debug */ = {
			isa = XCBuildConfiguration;
			buildSettings = {
				ALWAYS_SEARCH_USER_PATHS = NO;
				CLANG_ANALYZER_NONNULL = YES;
				CLANG_ANALYZER_NUMBER_OBJECT_CONVERSION = YES_AGGRESSIVE;
				CLANG_CXX_LANGUAGE_STANDARD = "gnu++17";
				CLANG_ENABLE_MODULES = YES;
				CLANG_ENABLE_OBJC_ARC = YES;
				CLANG_ENABLE_OBJC_WEAK = YES;
				CLANG_WARN_BLOCK_CAPTURE_AUTORELEASING = YES;
				CLANG_WARN_BOOL_CONVERSION = YES;
				CLANG_WARN_COMMA = YES;
				CLANG_WARN_CONSTANT_CONVERSION = YES;
				CLANG_WARN_DEPRECATED_OBJC_IMPLEMENTATIONS = YES;
				CLANG_WARN_DIRECT_OBJC_ISA_USAGE = YES_ERROR;
				CLANG_WARN_DOCUMENTATION_COMMENTS = YES;
				CLANG_WARN_EMPTY_BODY = YES;
				CLANG_WARN_ENUM_CONVERSION = YES;
				CLANG_WARN_INFINITE_RECURSION = YES;
				CLANG_WARN_INT_CONVERSION = YES;
				CLANG_WARN_NON_LITERAL_NULL_CONVERSION = YES;
				CLANG_WARN_OBJC_IMPLICIT_RETAIN_SELF = YES;
				CLANG_WARN_OBJC_LITERAL_CONVERSION = YES;
				CLANG_WARN_OBJC_ROOT_CLASS = YES_ERROR;
				CLANG_WARN_QUOTED_INCLUDE_IN_FRAMEWORK_HEADER = YES;
				CLANG_WARN_RANGE_LOOP_ANALYSIS = YES;
				CLANG_WARN_STRICT_PROTOTYPES = YES;
				CLANG_WARN_SUSPICIOUS_MOVE = YES;
				CLANG_WARN_UNGUARDED_AVAILABILITY = YES_AGGRESSIVE;
				CLANG_WARN_UNREACHABLE_CODE = YES;
				CLANG_WARN__DUPLICATE_METHOD_MATCH = YES;
				COPY_PHASE_STRIP = NO;
				DEBUG_INFORMATION_FORMAT = dwarf;
				ENABLE_STRICT_OBJC_MSGSEND = YES;
				ENABLE_TESTABILITY = YES;
				GCC_C_LANGUAGE_STANDARD = gnu11;
				GCC_DYNAMIC_NO_PIC = NO;
				GCC_NO_COMMON_BLOCKS = YES;
				GCC_OPTIMIZATION_LEVEL = 0;
				GCC_PREPROCESSOR_DEFINITIONS = (
					"DEBUG=1",
					"$(inherited)",
				);
				GCC_WARN_64_TO_32_BIT_CONVERSION = YES;
				GCC_WARN_ABOUT_RETURN_TYPE = YES_ERROR;
				GCC_WARN_UNDECLARED_SELECTOR = YES;
				GCC_WARN_UNINITIALIZED_AUTOS = YES_AGGRESSIVE;
				GCC_WARN_UNUSED_FUNCTION = YES;
				GCC_WARN_UNUSED_VARIABLE = YES;
				IPHONEOS_DEPLOYMENT_TARGET = 15.5;
				MTL_ENABLE_DEBUG_INFO = INCLUDE_SOURCE;
				MTL_FAST_MATH = YES;
				ONLY_ACTIVE_ARCH = YES;
				SDKROOT = iphoneos;
				SWIFT_ACTIVE_COMPILATION_CONDITIONS = DEBUG;
				SWIFT_OBJC_BRIDGING_HEADER = InverseTriangulation/Common.h;
				SWIFT_OPTIMIZATION_LEVEL = "-Onone";
			};
			name = Debug;
		};
		211332E4284BDFA80070FD15 /* Release */ = {
			isa = XCBuildConfiguration;
			buildSettings = {
				ALWAYS_SEARCH_USER_PATHS = NO;
				CLANG_ANALYZER_NONNULL = YES;
				CLANG_ANALYZER_NUMBER_OBJECT_CONVERSION = YES_AGGRESSIVE;
				CLANG_CXX_LANGUAGE_STANDARD = "gnu++17";
				CLANG_ENABLE_MODULES = YES;
				CLANG_ENABLE_OBJC_ARC = YES;
				CLANG_ENABLE_OBJC_WEAK = YES;
				CLANG_WARN_BLOCK_CAPTURE_AUTORELEASING = YES;
				CLANG_WARN_BOOL_CONVERSION = YES;
				CLANG_WARN_COMMA = YES;
				CLANG_WARN_CONSTANT_CONVERSION = YES;
				CLANG_WARN_DEPRECATED_OBJC_IMPLEMENTATIONS = YES;
				CLANG_WARN_DIRECT_OBJC_ISA_USAGE = YES_ERROR;
				CLANG_WARN_DOCUMENTATION_COMMENTS = YES;
				CLANG_WARN_EMPTY_BODY = YES;
				CLANG_WARN_ENUM_CONVERSION = YES;
				CLANG_WARN_INFINITE_RECURSION = YES;
				CLANG_WARN_INT_CONVERSION = YES;
				CLANG_WARN_NON_LITERAL_NULL_CONVERSION = YES;
				CLANG_WARN_OBJC_IMPLICIT_RETAIN_SELF = YES;
				CLANG_WARN_OBJC_LITERAL_CONVERSION = YES;
				CLANG_WARN_OBJC_ROOT_CLASS = YES_ERROR;
				CLANG_WARN_QUOTED_INCLUDE_IN_FRAMEWORK_HEADER = YES;
				CLANG_WARN_RANGE_LOOP_ANALYSIS = YES;
				CLANG_WARN_STRICT_PROTOTYPES = YES;
				CLANG_WARN_SUSPICIOUS_MOVE = YES;
				CLANG_WARN_UNGUARDED_AVAILABILITY = YES_AGGRESSIVE;
				CLANG_WARN_UNREACHABLE_CODE = YES;
				CLANG_WARN__DUPLICATE_METHOD_MATCH = YES;
				COPY_PHASE_STRIP = NO;
				DEBUG_INFORMATION_FORMAT = "dwarf-with-dsym";
				ENABLE_NS_ASSERTIONS = NO;
				ENABLE_STRICT_OBJC_MSGSEND = YES;
				GCC_C_LANGUAGE_STANDARD = gnu11;
				GCC_NO_COMMON_BLOCKS = YES;
				GCC_WARN_64_TO_32_BIT_CONVERSION = YES;
				GCC_WARN_ABOUT_RETURN_TYPE = YES_ERROR;
				GCC_WARN_UNDECLARED_SELECTOR = YES;
				GCC_WARN_UNINITIALIZED_AUTOS = YES_AGGRESSIVE;
				GCC_WARN_UNUSED_FUNCTION = YES;
				GCC_WARN_UNUSED_VARIABLE = YES;
				IPHONEOS_DEPLOYMENT_TARGET = 15.5;
				MTL_ENABLE_DEBUG_INFO = NO;
				MTL_FAST_MATH = YES;
				SDKROOT = iphoneos;
				SWIFT_COMPILATION_MODE = wholemodule;
				SWIFT_OBJC_BRIDGING_HEADER = InverseTriangulation/Common.h;
				SWIFT_OPTIMIZATION_LEVEL = "-O";
				VALIDATE_PRODUCT = YES;
			};
			name = Release;
		};
		211332E6284BDFA80070FD15 /* Debug */ = {
			isa = XCBuildConfiguration;
			buildSettings = {
				ASSETCATALOG_COMPILER_APPICON_NAME = AppIcon;
				ASSETCATALOG_COMPILER_GLOBAL_ACCENT_COLOR_NAME = AccentColor;
				CODE_SIGN_STYLE = Automatic;
				CURRENT_PROJECT_VERSION = 1;
				DEVELOPMENT_ASSET_PATHS = "\"InverseTriangulation/Preview Content\"";
				DEVELOPMENT_TEAM = MD55Y22MQS;
				ENABLE_PREVIEWS = YES;
				GENERATE_INFOPLIST_FILE = YES;
				INFOPLIST_KEY_UIApplicationSceneManifest_Generation = YES;
				INFOPLIST_KEY_UIApplicationSupportsIndirectInputEvents = YES;
				INFOPLIST_KEY_UILaunchScreen_Generation = YES;
				INFOPLIST_KEY_UISupportedInterfaceOrientations_iPad = "UIInterfaceOrientationPortrait UIInterfaceOrientationPortraitUpsideDown UIInterfaceOrientationLandscapeLeft UIInterfaceOrientationLandscapeRight";
				INFOPLIST_KEY_UISupportedInterfaceOrientations_iPhone = "UIInterfaceOrientationPortrait UIInterfaceOrientationLandscapeLeft UIInterfaceOrientationLandscapeRight";
				LD_RUNPATH_SEARCH_PATHS = (
					"$(inherited)",
					"@executable_path/Frameworks",
				);
				MARKETING_VERSION = 1.0;
				PRODUCT_BUNDLE_IDENTIFIER = com.ertembiyik.InverseTriangulation;
				PRODUCT_NAME = "$(TARGET_NAME)";
				SWIFT_EMIT_LOC_STRINGS = YES;
				SWIFT_VERSION = 5.0;
				TARGETED_DEVICE_FAMILY = "1,2";
			};
			name = Debug;
		};
		211332E7284BDFA80070FD15 /* Release */ = {
			isa = XCBuildConfiguration;
			buildSettings = {
				ASSETCATALOG_COMPILER_APPICON_NAME = AppIcon;
				ASSETCATALOG_COMPILER_GLOBAL_ACCENT_COLOR_NAME = AccentColor;
				CODE_SIGN_STYLE = Automatic;
				CURRENT_PROJECT_VERSION = 1;
				DEVELOPMENT_ASSET_PATHS = "\"InverseTriangulation/Preview Content\"";
				DEVELOPMENT_TEAM = MD55Y22MQS;
				ENABLE_PREVIEWS = YES;
				GENERATE_INFOPLIST_FILE = YES;
				INFOPLIST_KEY_UIApplicationSceneManifest_Generation = YES;
				INFOPLIST_KEY_UIApplicationSupportsIndirectInputEvents = YES;
				INFOPLIST_KEY_UILaunchScreen_Generation = YES;
				INFOPLIST_KEY_UISupportedInterfaceOrientations_iPad = "UIInterfaceOrientationPortrait UIInterfaceOrientationPortraitUpsideDown UIInterfaceOrientationLandscapeLeft UIInterfaceOrientationLandscapeRight";
				INFOPLIST_KEY_UISupportedInterfaceOrientations_iPhone = "UIInterfaceOrientationPortrait UIInterfaceOrientationLandscapeLeft UIInterfaceOrientationLandscapeRight";
				LD_RUNPATH_SEARCH_PATHS = (
					"$(inherited)",
					"@executable_path/Frameworks",
				);
				MARKETING_VERSION = 1.0;
				PRODUCT_BUNDLE_IDENTIFIER = com.ertembiyik.InverseTriangulation;
				PRODUCT_NAME = "$(TARGET_NAME)";
				SWIFT_EMIT_LOC_STRINGS = YES;
				SWIFT_VERSION = 5.0;
				TARGETED_DEVICE_FAMILY = "1,2";
			};
			name = Release;
		};
/* End XCBuildConfiguration section */

/* Begin XCConfigurationList section */
		211332D2284BDFA60070FD15 /* Build configuration list for PBXProject "InverseTriangulation" */ = {
			isa = XCConfigurationList;
			buildConfigurations = (
				211332E3284BDFA80070FD15 /* Debug */,
				211332E4284BDFA80070FD15 /* Release */,
			);
			defaultConfigurationIsVisible = 0;
			defaultConfigurationName = Release;
		};
		211332E5284BDFA80070FD15 /* Build configuration list for PBXNativeTarget "InverseTriangulation" */ = {
			isa = XCConfigurationList;
			buildConfigurations = (
				211332E6284BDFA80070FD15 /* Debug */,
				211332E7284BDFA80070FD15 /* Release */,
			);
			defaultConfigurationIsVisible = 0;
			defaultConfigurationName = Release;
		};
/* End XCConfigurationList section */
	};
	rootObject = 211332CF284BDFA60070FD15 /* Project object */;
}
